
Microsoft Visual Studio Solution File, Format Version 12.00
# Visual Studio Version 16
VisualStudioVersion = 16.0.29709.97
MinimumVisualStudioVersion = 10.0.40219.1
Project("{9A19103F-16F7-4668-BE54-9A1E7A4F7556}") = "Eve-Skynet.Bot", "Eve-Skynet.Bot\Eve-Skynet.Bot.csproj", "{F5E28AD6-39A4-4CA1-84B0-13923EC40019}"
EndProject
Global
	GlobalSection(SolutionConfigurationPlatforms) = preSolution
		Debug|Any CPU = Debug|Any CPU
		Release|Any CPU = Release|Any CPU
	EndGlobalSection
	GlobalSection(ProjectConfigurationPlatforms) = postSolution
		{F5E28AD6-39A4-4CA1-84B0-13923EC40019}.Debug|Any CPU.ActiveCfg = Debug|Any CPU
		{F5E28AD6-39A4-4CA1-84B0-13923EC40019}.Debug|Any CPU.Build.0 = Debug|Any CPU
		{F5E28AD6-39A4-4CA1-84B0-13923EC40019}.Release|Any CPU.ActiveCfg = Release|Any CPU
		{F5E28AD6-39A4-4CA1-84B0-13923EC40019}.Release|Any CPU.Build.0 = Release|Any CPU
	EndGlobalSection
	GlobalSection(SolutionProperties) = preSolution
		HideSolutionNode = FALSE
	EndGlobalSection
	GlobalSection(ExtensibilityGlobals) = postSolution
		SolutionGuid = {F8376A6D-0A8B-4135-B35D-331BCB8E0D02}
	EndGlobalSection
EndGlobal
